
Microsoft Visual Studio Solution File, Format Version 12.00
# Visual Studio Version 16
VisualStudioVersion = 16.0.29709.97
MinimumVisualStudioVersion = 10.0.40219.1
Project("{FAE04EC0-301F-11D3-BF4B-00C04F79EFBC}") = "RoutingInWebForms", "RoutingInWebForms\RoutingInWebForms.csproj", "{2CE213DC-D716-4031-9589-FAD68DD86926}"
EndProject
Project("{FAE04EC0-301F-11D3-BF4B-00C04F79EFBC}") = "RoutingInWebForms1", "RoutingInWebForms1\RoutingInWebForms1.csproj", "{55E2486B-42E0-4AE9-A0D2-B8B924B9D18F}"
EndProject
Project("{FAE04EC0-301F-11D3-BF4B-00C04F79EFBC}") = "AutoGeneratedLinks", "AutoGeneratedLinks\AutoGeneratedLinks.csproj", "{01EA4ECB-493D-4551-B03B-7493E19588EC}"
EndProject
Project("{FAE04EC0-301F-11D3-BF4B-00C04F79EFBC}") = "LocalizationSample", "LocalizationSample\LocalizationSample.csproj", "{68008040-9FDA-4866-B452-22554876C6D3}"
EndProject
Global
	GlobalSection(SolutionConfigurationPlatforms) = preSolution
		Debug|Any CPU = Debug|Any CPU
		Release|Any CPU = Release|Any CPU
	EndGlobalSection
	GlobalSection(ProjectConfigurationPlatforms) = postSolution
		{2CE213DC-D716-4031-9589-FAD68DD86926}.Debug|Any CPU.ActiveCfg = Debug|Any CPU
		{2CE213DC-D716-4031-9589-FAD68DD86926}.Debug|Any CPU.Build.0 = Debug|Any CPU
		{2CE213DC-D716-4031-9589-FAD68DD86926}.Release|Any CPU.ActiveCfg = Release|Any CPU
		{2CE213DC-D716-4031-9589-FAD68DD86926}.Release|Any CPU.Build.0 = Release|Any CPU
		{55E2486B-42E0-4AE9-A0D2-B8B924B9D18F}.Debug|Any CPU.ActiveCfg = Debug|Any CPU
		{55E2486B-42E0-4AE9-A0D2-B8B924B9D18F}.Debug|Any CPU.Build.0 = Debug|Any CPU
		{55E2486B-42E0-4AE9-A0D2-B8B924B9D18F}.Release|Any CPU.ActiveCfg = Release|Any CPU
		{55E2486B-42E0-4AE9-A0D2-B8B924B9D18F}.Release|Any CPU.Build.0 = Release|Any CPU
		{01EA4ECB-493D-4551-B03B-7493E19588EC}.Debug|Any CPU.ActiveCfg = Debug|Any CPU
		{01EA4ECB-493D-4551-B03B-7493E19588EC}.Debug|Any CPU.Build.0 = Debug|Any CPU
		{01EA4ECB-493D-4551-B03B-7493E19588EC}.Release|Any CPU.ActiveCfg = Release|Any CPU
		{01EA4ECB-493D-4551-B03B-7493E19588EC}.Release|Any CPU.Build.0 = Release|Any CPU
		{68008040-9FDA-4866-B452-22554876C6D3}.Debug|Any CPU.ActiveCfg = Debug|Any CPU
		{68008040-9FDA-4866-B452-22554876C6D3}.Debug|Any CPU.Build.0 = Debug|Any CPU
		{68008040-9FDA-4866-B452-22554876C6D3}.Release|Any CPU.ActiveCfg = Release|Any CPU
		{68008040-9FDA-4866-B452-22554876C6D3}.Release|Any CPU.Build.0 = Release|Any CPU
	EndGlobalSection
	GlobalSection(SolutionProperties) = preSolution
		HideSolutionNode = FALSE
	EndGlobalSection
	GlobalSection(ExtensibilityGlobals) = postSolution
		SolutionGuid = {7B14A644-13A9-40B3-A95C-0C725A6180B4}
	EndGlobalSection
EndGlobal
